// !$*UTF8*$!
{
	archiveVersion = 1;
	classes = {
	};
	objectVersion = 46;
	objects = {

/* Begin PBXBuildFile section */
		BF0A61A51C337C5F00D439A8 /* AppDelegate.swift in Sources */ = {isa = PBXBuildFile; fileRef = BF0A61A41C337C5F00D439A8 /* AppDelegate.swift */; };
		BF0A61A71C337C5F00D439A8 /* ViewController.swift in Sources */ = {isa = PBXBuildFile; fileRef = BF0A61A61C337C5F00D439A8 /* ViewController.swift */; };
		BF0A61AA1C337C5F00D439A8 /* Main.storyboard in Resources */ = {isa = PBXBuildFile; fileRef = BF0A61A81C337C5F00D439A8 /* Main.storyboard */; };
		BF0A61AF1C337C5F00D439A8 /* LaunchScreen.storyboard in Resources */ = {isa = PBXBuildFile; fileRef = BF0A61AD1C337C5F00D439A8 /* LaunchScreen.storyboard */; };
		BF38A0121C33899900BFE462 /* JYTabBarController.swift in Sources */ = {isa = PBXBuildFile; fileRef = BF38A0111C33899900BFE462 /* JYTabBarController.swift */; };
		BF38A1251C33955000BFE462 /* ChatListViewController.swift in Sources */ = {isa = PBXBuildFile; fileRef = BF38A1241C33955000BFE462 /* ChatListViewController.swift */; };
		BF38A1271C33956800BFE462 /* ContactsViewController.swift in Sources */ = {isa = PBXBuildFile; fileRef = BF38A1261C33956800BFE462 /* ContactsViewController.swift */; };
		BF38A1291C33956F00BFE462 /* DiscoverViewController.swift in Sources */ = {isa = PBXBuildFile; fileRef = BF38A1281C33956F00BFE462 /* DiscoverViewController.swift */; };
		BF38A12B1C33957500BFE462 /* FriendsCircleController.swift in Sources */ = {isa = PBXBuildFile; fileRef = BF38A12A1C33957500BFE462 /* FriendsCircleController.swift */; };
		BF38A12D1C33957E00BFE462 /* UserViewController.swift in Sources */ = {isa = PBXBuildFile; fileRef = BF38A12C1C33957E00BFE462 /* UserViewController.swift */; };
		BF38A12F1C33A9A300BFE462 /* Images.xcassets in Resources */ = {isa = PBXBuildFile; fileRef = BF38A12E1C33A9A300BFE462 /* Images.xcassets */; };
		BF74CB101C33879600E9DCDA /* emotion0.gif in Resources */ = {isa = PBXBuildFile; fileRef = BF74CAE31C33879600E9DCDA /* emotion0.gif */; };
		BF74CB111C33879600E9DCDA /* emotion1.gif in Resources */ = {isa = PBXBuildFile; fileRef = BF74CAE41C33879600E9DCDA /* emotion1.gif */; };
		BF74CB121C33879600E9DCDA /* emotion10.gif in Resources */ = {isa = PBXBuildFile; fileRef = BF74CAE51C33879600E9DCDA /* emotion10.gif */; };
		BF74CB131C33879600E9DCDA /* emotion11.gif in Resources */ = {isa = PBXBuildFile; fileRef = BF74CAE61C33879600E9DCDA /* emotion11.gif */; };
		BF74CB141C33879600E9DCDA /* emotion12.gif in Resources */ = {isa = PBXBuildFile; fileRef = BF74CAE71C33879600E9DCDA /* emotion12.gif */; };
		BF74CB151C33879600E9DCDA /* emotion13.gif in Resources */ = {isa = PBXBuildFile; fileRef = BF74CAE81C33879600E9DCDA /* emotion13.gif */; };
		BF74CB161C33879600E9DCDA /* emotion14.gif in Resources */ = {isa = PBXBuildFile; fileRef = BF74CAE91C33879600E9DCDA /* emotion14.gif */; };
		BF74CB171C33879600E9DCDA /* emotion15.gif in Resources */ = {isa = PBXBuildFile; fileRef = BF74CAEA1C33879600E9DCDA /* emotion15.gif */; };
		BF74CB181C33879600E9DCDA /* emotion16.gif in Resources */ = {isa = PBXBuildFile; fileRef = BF74CAEB1C33879600E9DCDA /* emotion16.gif */; };
		BF74CB191C33879600E9DCDA /* emotion2.gif in Resources */ = {isa = PBXBuildFile; fileRef = BF74CAEC1C33879600E9DCDA /* emotion2.gif */; };
		BF74CB1A1C33879600E9DCDA /* emotion3.gif in Resources */ = {isa = PBXBuildFile; fileRef = BF74CAED1C33879600E9DCDA /* emotion3.gif */; };
		BF74CB1B1C33879600E9DCDA /* emotion4.gif in Resources */ = {isa = PBXBuildFile; fileRef = BF74CAEE1C33879600E9DCDA /* emotion4.gif */; };
		BF74CB1C1C33879600E9DCDA /* emotion5.gif in Resources */ = {isa = PBXBuildFile; fileRef = BF74CAEF1C33879600E9DCDA /* emotion5.gif */; };
		BF74CB1D1C33879600E9DCDA /* emotion6.gif in Resources */ = {isa = PBXBuildFile; fileRef = BF74CAF01C33879600E9DCDA /* emotion6.gif */; };
		BF74CB1E1C33879600E9DCDA /* emotion7.gif in Resources */ = {isa = PBXBuildFile; fileRef = BF74CAF11C33879600E9DCDA /* emotion7.gif */; };
		BF74CB1F1C33879600E9DCDA /* emotion8.gif in Resources */ = {isa = PBXBuildFile; fileRef = BF74CAF21C33879600E9DCDA /* emotion8.gif */; };
		BF74CB201C33879600E9DCDA /* emotion9.gif in Resources */ = {isa = PBXBuildFile; fileRef = BF74CAF31C33879600E9DCDA /* emotion9.gif */; };
/* End PBXBuildFile section */

/* Begin PBXFileReference section */
		BF0A61A11C337C5F00D439A8 /* Wechat.app */ = {isa = PBXFileReference; explicitFileType = wrapper.application; includeInIndex = 0; path = Wechat.app; sourceTree = BUILT_PRODUCTS_DIR; };
		BF0A61A41C337C5F00D439A8 /* AppDelegate.swift */ = {isa = PBXFileReference; lastKnownFileType = sourcecode.swift; name = AppDelegate.swift; path = ../AppDelegate.swift; sourceTree = "<group>"; };
		BF0A61A61C337C5F00D439A8 /* ViewController.swift */ = {isa = PBXFileReference; lastKnownFileType = sourcecode.swift; name = ViewController.swift; path = ../ViewController.swift; sourceTree = "<group>"; };
		BF0A61A91C337C5F00D439A8 /* Base */ = {isa = PBXFileReference; lastKnownFileType = file.storyboard; name = Base; path = Base.lproj/Main.storyboard; sourceTree = "<group>"; };
		BF0A61AE1C337C5F00D439A8 /* Base */ = {isa = PBXFileReference; lastKnownFileType = file.storyboard; name = Base; path = Base.lproj/LaunchScreen.storyboard; sourceTree = "<group>"; };
		BF0A61B01C337C5F00D439A8 /* Info.plist */ = {isa = PBXFileReference; lastKnownFileType = text.plist.xml; name = Info.plist; path = ../Info.plist; sourceTree = "<group>"; };
		BF38A0111C33899900BFE462 /* JYTabBarController.swift */ = {isa = PBXFileReference; fileEncoding = 4; lastKnownFileType = sourcecode.swift; path = JYTabBarController.swift; sourceTree = "<group>"; };
		BF38A1241C33955000BFE462 /* ChatListViewController.swift */ = {isa = PBXFileReference; fileEncoding = 4; lastKnownFileType = sourcecode.swift; path = ChatListViewController.swift; sourceTree = "<group>"; };
		BF38A1261C33956800BFE462 /* ContactsViewController.swift */ = {isa = PBXFileReference; fileEncoding = 4; lastKnownFileType = sourcecode.swift; path = ContactsViewController.swift; sourceTree = "<group>"; };
		BF38A1281C33956F00BFE462 /* DiscoverViewController.swift */ = {isa = PBXFileReference; fileEncoding = 4; lastKnownFileType = sourcecode.swift; path = DiscoverViewController.swift; sourceTree = "<group>"; };
		BF38A12A1C33957500BFE462 /* FriendsCircleController.swift */ = {isa = PBXFileReference; fileEncoding = 4; lastKnownFileType = sourcecode.swift; path = FriendsCircleController.swift; sourceTree = "<group>"; };
		BF38A12C1C33957E00BFE462 /* UserViewController.swift */ = {isa = PBXFileReference; fileEncoding = 4; lastKnownFileType = sourcecode.swift; path = UserViewController.swift; sourceTree = "<group>"; };
		BF38A12E1C33A9A300BFE462 /* Images.xcassets */ = {isa = PBXFileReference; lastKnownFileType = folder.assetcatalog; path = Images.xcassets; sourceTree = "<group>"; };
		BF74CAE31C33879600E9DCDA /* emotion0.gif */ = {isa = PBXFileReference; lastKnownFileType = image.gif; path = emotion0.gif; sourceTree = "<group>"; };
		BF74CAE41C33879600E9DCDA /* emotion1.gif */ = {isa = PBXFileReference; lastKnownFileType = image.gif; path = emotion1.gif; sourceTree = "<group>"; };
		BF74CAE51C33879600E9DCDA /* emotion10.gif */ = {isa = PBXFileReference; lastKnownFileType = image.gif; path = emotion10.gif; sourceTree = "<group>"; };
		BF74CAE61C33879600E9DCDA /* emotion11.gif */ = {isa = PBXFileReference; lastKnownFileType = image.gif; path = emotion11.gif; sourceTree = "<group>"; };
		BF74CAE71C33879600E9DCDA /* emotion12.gif */ = {isa = PBXFileReference; lastKnownFileType = image.gif; path = emotion12.gif; sourceTree = "<group>"; };
		BF74CAE81C33879600E9DCDA /* emotion13.gif */ = {isa = PBXFileReference; lastKnownFileType = image.gif; path = emotion13.gif; sourceTree = "<group>"; };
		BF74CAE91C33879600E9DCDA /* emotion14.gif */ = {isa = PBXFileReference; lastKnownFileType = image.gif; path = emotion14.gif; sourceTree = "<group>"; };
		BF74CAEA1C33879600E9DCDA /* emotion15.gif */ = {isa = PBXFileReference; lastKnownFileType = image.gif; path = emotion15.gif; sourceTree = "<group>"; };
		BF74CAEB1C33879600E9DCDA /* emotion16.gif */ = {isa = PBXFileReference; lastKnownFileType = image.gif; path = emotion16.gif; sourceTree = "<group>"; };
		BF74CAEC1C33879600E9DCDA /* emotion2.gif */ = {isa = PBXFileReference; lastKnownFileType = image.gif; path = emotion2.gif; sourceTree = "<group>"; };
		BF74CAED1C33879600E9DCDA /* emotion3.gif */ = {isa = PBXFileReference; lastKnownFileType = image.gif; path = emotion3.gif; sourceTree = "<group>"; };
		BF74CAEE1C33879600E9DCDA /* emotion4.gif */ = {isa = PBXFileReference; lastKnownFileType = image.gif; path = emotion4.gif; sourceTree = "<group>"; };
		BF74CAEF1C33879600E9DCDA /* emotion5.gif */ = {isa = PBXFileReference; lastKnownFileType = image.gif; path = emotion5.gif; sourceTree = "<group>"; };
		BF74CAF01C33879600E9DCDA /* emotion6.gif */ = {isa = PBXFileReference; lastKnownFileType = image.gif; path = emotion6.gif; sourceTree = "<group>"; };
		BF74CAF11C33879600E9DCDA /* emotion7.gif */ = {isa = PBXFileReference; lastKnownFileType = image.gif; path = emotion7.gif; sourceTree = "<group>"; };
		BF74CAF21C33879600E9DCDA /* emotion8.gif */ = {isa = PBXFileReference; lastKnownFileType = image.gif; path = emotion8.gif; sourceTree = "<group>"; };
		BF74CAF31C33879600E9DCDA /* emotion9.gif */ = {isa = PBXFileReference; lastKnownFileType = image.gif; path = emotion9.gif; sourceTree = "<group>"; };
/* End PBXFileReference section */

/* Begin PBXFrameworksBuildPhase section */
		BF0A619E1C337C5F00D439A8 /* Frameworks */ = {
			isa = PBXFrameworksBuildPhase;
			buildActionMask = 2147483647;
			files = (
			);
			runOnlyForDeploymentPostprocessing = 0;
		};
/* End PBXFrameworksBuildPhase section */

/* Begin PBXGroup section */
		BF0A61981C337C5F00D439A8 = {
			isa = PBXGroup;
			children = (
				BF0A61A31C337C5F00D439A8 /* Wechat */,
				BF0A61A21C337C5F00D439A8 /* Products */,
			);
			sourceTree = "<group>";
		};
		BF0A61A21C337C5F00D439A8 /* Products */ = {
			isa = PBXGroup;
			children = (
				BF0A61A11C337C5F00D439A8 /* Wechat.app */,
			);
			name = Products;
			sourceTree = "<group>";
		};
		BF0A61A31C337C5F00D439A8 /* Wechat */ = {
			isa = PBXGroup;
			children = (
				BF38A00E1C33894F00BFE462 /* Custom */,
				BF38A00B1C33891C00BFE462 /* Common */,
				BF38A00C1C33891C00BFE462 /* Models */,
				BF38A0051C3388CC00BFE462 /* ChatList */,
				BF38A0061C3388CC00BFE462 /* Contacts */,
				BF38A0071C3388CC00BFE462 /* Discover */,
				BF38A0081C3388CC00BFE462 /* FriendsCircle */,
				BF38A0091C3388CC00BFE462 /* User */,
				BF74B9011C33830100E9DCDA /* Resource */,
				BF38A00A1C3388E700BFE462 /* Support */,
			);
			path = Wechat;
			sourceTree = "<group>";
		};
		BF38A0051C3388CC00BFE462 /* ChatList */ = {
			isa = PBXGroup;
			children = (
				BF38A01D1C33949300BFE462 /* Controller */,
				BF38A01E1C33949300BFE462 /* View */,
			);
			path = ChatList;
			sourceTree = "<group>";
		};
		BF38A0061C3388CC00BFE462 /* Contacts */ = {
			isa = PBXGroup;
			children = (
				BF38A01F1C3394A000BFE462 /* Controller */,
				BF38A0201C3394A000BFE462 /* View */,
			);
			path = Contacts;
			sourceTree = "<group>";
		};
		BF38A0071C3388CC00BFE462 /* Discover */ = {
			isa = PBXGroup;
			children = (
				BF38A0251C3394DA00BFE462 /* Controller */,
				BF38A0261C3394DA00BFE462 /* View */,
			);
			path = Discover;
			sourceTree = "<group>";
		};
		BF38A0081C3388CC00BFE462 /* FriendsCircle */ = {
			isa = PBXGroup;
			children = (
				BF38A0211C3394AB00BFE462 /* Controller */,
				BF38A0221C3394AB00BFE462 /* View */,
			);
			path = FriendsCircle;
			sourceTree = "<group>";
		};
		BF38A0091C3388CC00BFE462 /* User */ = {
			isa = PBXGroup;
			children = (
				BF38A0231C3394D000BFE462 /* Controller */,
				BF38A0241C3394D000BFE462 /* View */,
			);
			path = User;
			sourceTree = "<group>";
		};
		BF38A00A1C3388E700BFE462 /* Support */ = {
			isa = PBXGroup;
			children = (
				BF0A61A41C337C5F00D439A8 /* AppDelegate.swift */,
				BF0A61A61C337C5F00D439A8 /* ViewController.swift */,
				BF0A61A81C337C5F00D439A8 /* Main.storyboard */,
				BF0A61AD1C337C5F00D439A8 /* LaunchScreen.storyboard */,
				BF0A61B01C337C5F00D439A8 /* Info.plist */,
			);
			path = Support;
			sourceTree = "<group>";
		};
		BF38A00B1C33891C00BFE462 /* Common */ = {
			isa = PBXGroup;
			children = (
				BF38A0111C33899900BFE462 /* JYTabBarController.swift */,
			);
			path = Common;
			sourceTree = "<group>";
		};
		BF38A00C1C33891C00BFE462 /* Models */ = {
			isa = PBXGroup;
			children = (
			);
			path = Models;
			sourceTree = "<group>";
		};
		BF38A00E1C33894F00BFE462 /* Custom */ = {
			isa = PBXGroup;
			children = (
				BF38A00F1C33894F00BFE462 /* Category */,
				BF38A0101C33894F00BFE462 /* View */,
			);
			path = Custom;
			sourceTree = "<group>";
		};
		BF38A00F1C33894F00BFE462 /* Category */ = {
			isa = PBXGroup;
			children = (
			);
			path = Category;
			sourceTree = "<group>";
		};
		BF38A0101C33894F00BFE462 /* View */ = {
			isa = PBXGroup;
			children = (
			);
			path = View;
			sourceTree = "<group>";
		};
		BF38A01D1C33949300BFE462 /* Controller */ = {
			isa = PBXGroup;
			children = (
				BF38A1241C33955000BFE462 /* ChatListViewController.swift */,
			);
			path = Controller;
			sourceTree = "<group>";
		};
		BF38A01E1C33949300BFE462 /* View */ = {
			isa = PBXGroup;
			children = (
			);
			path = View;
			sourceTree = "<group>";
		};
		BF38A01F1C3394A000BFE462 /* Controller */ = {
			isa = PBXGroup;
			children = (
				BF38A1261C33956800BFE462 /* ContactsViewController.swift */,
			);
			path = Controller;
			sourceTree = "<group>";
		};
		BF38A0201C3394A000BFE462 /* View */ = {
			isa = PBXGroup;
			children = (
			);
			path = View;
			sourceTree = "<group>";
		};
		BF38A0211C3394AB00BFE462 /* Controller */ = {
			isa = PBXGroup;
			children = (
				BF38A12A1C33957500BFE462 /* FriendsCircleController.swift */,
			);
			path = Controller;
			sourceTree = "<group>";
		};
		BF38A0221C3394AB00BFE462 /* View */ = {
			isa = PBXGroup;
			children = (
			);
			path = View;
			sourceTree = "<group>";
		};
		BF38A0231C3394D000BFE462 /* Controller */ = {
			isa = PBXGroup;
			children = (
				BF38A12C1C33957E00BFE462 /* UserViewController.swift */,
			);
			path = Controller;
			sourceTree = "<group>";
		};
		BF38A0241C3394D000BFE462 /* View */ = {
			isa = PBXGroup;
			children = (
			);
			path = View;
			sourceTree = "<group>";
		};
		BF38A0251C3394DA00BFE462 /* Controller */ = {
			isa = PBXGroup;
			children = (
				BF38A1281C33956F00BFE462 /* DiscoverViewController.swift */,
			);
			path = Controller;
			sourceTree = "<group>";
		};
		BF38A0261C3394DA00BFE462 /* View */ = {
			isa = PBXGroup;
			children = (
			);
			path = View;
			sourceTree = "<group>";
		};
		BF74B9011C33830100E9DCDA /* Resource */ = {
			isa = PBXGroup;
			children = (
				BF74CAE11C33879600E9DCDA /* Images */,
			);
			path = Resource;
			sourceTree = "<group>";
		};
		BF74CAE11C33879600E9DCDA /* Images */ = {
			isa = PBXGroup;
			children = (
				BF38A12E1C33A9A300BFE462 /* Images.xcassets */,
				BF74CAE21C33879600E9DCDA /* emoticons */,
			);
			path = Images;
			sourceTree = "<group>";
		};
		BF74CAE21C33879600E9DCDA /* emoticons */ = {
			isa = PBXGroup;
			children = (
				BF74CAE31C33879600E9DCDA /* emotion0.gif */,
				BF74CAE41C33879600E9DCDA /* emotion1.gif */,
				BF74CAE51C33879600E9DCDA /* emotion10.gif */,
				BF74CAE61C33879600E9DCDA /* emotion11.gif */,
				BF74CAE71C33879600E9DCDA /* emotion12.gif */,
				BF74CAE81C33879600E9DCDA /* emotion13.gif */,
				BF74CAE91C33879600E9DCDA /* emotion14.gif */,
				BF74CAEA1C33879600E9DCDA /* emotion15.gif */,
				BF74CAEB1C33879600E9DCDA /* emotion16.gif */,
				BF74CAEC1C33879600E9DCDA /* emotion2.gif */,
				BF74CAED1C33879600E9DCDA /* emotion3.gif */,
				BF74CAEE1C33879600E9DCDA /* emotion4.gif */,
				BF74CAEF1C33879600E9DCDA /* emotion5.gif */,
				BF74CAF01C33879600E9DCDA /* emotion6.gif */,
				BF74CAF11C33879600E9DCDA /* emotion7.gif */,
				BF74CAF21C33879600E9DCDA /* emotion8.gif */,
				BF74CAF31C33879600E9DCDA /* emotion9.gif */,
			);
			path = emoticons;
			sourceTree = "<group>";
		};
/* End PBXGroup section */

/* Begin PBXNativeTarget section */
		BF0A61A01C337C5F00D439A8 /* Wechat */ = {
			isa = PBXNativeTarget;
			buildConfigurationList = BF0A61B31C337C5F00D439A8 /* Build configuration list for PBXNativeTarget "Wechat" */;
			buildPhases = (
				BF0A619D1C337C5F00D439A8 /* Sources */,
				BF0A619E1C337C5F00D439A8 /* Frameworks */,
				BF0A619F1C337C5F00D439A8 /* Resources */,
			);
			buildRules = (
			);
			dependencies = (
			);
			name = Wechat;
			productName = Wechat;
			productReference = BF0A61A11C337C5F00D439A8 /* Wechat.app */;
			productType = "com.apple.product-type.application";
		};
/* End PBXNativeTarget section */

/* Begin PBXProject section */
		BF0A61991C337C5F00D439A8 /* Project object */ = {
			isa = PBXProject;
			attributes = {
				LastSwiftUpdateCheck = 0720;
				LastUpgradeCheck = 0720;
				ORGANIZATIONNAME = YGodWayJ;
				TargetAttributes = {
					BF0A61A01C337C5F00D439A8 = {
						CreatedOnToolsVersion = 7.2;
					};
				};
			};
			buildConfigurationList = BF0A619C1C337C5F00D439A8 /* Build configuration list for PBXProject "Wechat" */;
			compatibilityVersion = "Xcode 3.2";
			developmentRegion = English;
			hasScannedForEncodings = 0;
			knownRegions = (
				en,
				Base,
			);
			mainGroup = BF0A61981C337C5F00D439A8;
			productRefGroup = BF0A61A21C337C5F00D439A8 /* Products */;
			projectDirPath = "";
			projectRoot = "";
			targets = (
				BF0A61A01C337C5F00D439A8 /* Wechat */,
			);
		};
/* End PBXProject section */

/* Begin PBXResourcesBuildPhase section */
		BF0A619F1C337C5F00D439A8 /* Resources */ = {
			isa = PBXResourcesBuildPhase;
			buildActionMask = 2147483647;
			files = (
				BF38A12F1C33A9A300BFE462 /* Images.xcassets in Resources */,
				BF74CB1E1C33879600E9DCDA /* emotion7.gif in Resources */,
				BF74CB1F1C33879600E9DCDA /* emotion8.gif in Resources */,
				BF74CB1C1C33879600E9DCDA /* emotion5.gif in Resources */,
				BF0A61AF1C337C5F00D439A8 /* LaunchScreen.storyboard in Resources */,
				BF0A61AA1C337C5F00D439A8 /* Main.storyboard in Resources */,
				BF74CB1B1C33879600E9DCDA /* emotion4.gif in Resources */,
				BF74CB1D1C33879600E9DCDA /* emotion6.gif in Resources */,
				BF74CB201C33879600E9DCDA /* emotion9.gif in Resources */,
				BF74CB181C33879600E9DCDA /* emotion16.gif in Resources */,
				BF74CB171C33879600E9DCDA /* emotion15.gif in Resources */,
				BF74CB161C33879600E9DCDA /* emotion14.gif in Resources */,
				BF74CB121C33879600E9DCDA /* emotion10.gif in Resources */,
				BF74CB131C33879600E9DCDA /* emotion11.gif in Resources */,
				BF74CB111C33879600E9DCDA /* emotion1.gif in Resources */,
				BF74CB191C33879600E9DCDA /* emotion2.gif in Resources */,
				BF74CB1A1C33879600E9DCDA /* emotion3.gif in Resources */,
				BF74CB151C33879600E9DCDA /* emotion13.gif in Resources */,
				BF74CB101C33879600E9DCDA /* emotion0.gif in Resources */,
				BF74CB141C33879600E9DCDA /* emotion12.gif in Resources */,
			);
			runOnlyForDeploymentPostprocessing = 0;
		};
/* End PBXResourcesBuildPhase section */

/* Begin PBXSourcesBuildPhase section */
		BF0A619D1C337C5F00D439A8 /* Sources */ = {
			isa = PBXSourcesBuildPhase;
			buildActionMask = 2147483647;
			files = (
				BF0A61A71C337C5F00D439A8 /* ViewController.swift in Sources */,
				BF38A12D1C33957E00BFE462 /* UserViewController.swift in Sources */,
				BF0A61A51C337C5F00D439A8 /* AppDelegate.swift in Sources */,
				BF38A1251C33955000BFE462 /* ChatListViewController.swift in Sources */,
				BF38A1291C33956F00BFE462 /* DiscoverViewController.swift in Sources */,
				BF38A0121C33899900BFE462 /* JYTabBarController.swift in Sources */,
				BF38A12B1C33957500BFE462 /* FriendsCircleController.swift in Sources */,
				BF38A1271C33956800BFE462 /* ContactsViewController.swift in Sources */,
			);
			runOnlyForDeploymentPostprocessing = 0;
		};
/* End PBXSourcesBuildPhase section */

/* Begin PBXVariantGroup section */
		BF0A61A81C337C5F00D439A8 /* Main.storyboard */ = {
			isa = PBXVariantGroup;
			children = (
				BF0A61A91C337C5F00D439A8 /* Base */,
			);
			name = Main.storyboard;
			path = ..;
			sourceTree = "<group>";
		};
		BF0A61AD1C337C5F00D439A8 /* LaunchScreen.storyboard */ = {
			isa = PBXVariantGroup;
			children = (
				BF0A61AE1C337C5F00D439A8 /* Base */,
			);
			name = LaunchScreen.storyboard;
			path = ..;
			sourceTree = "<group>";
		};
/* End PBXVariantGroup section */

/* Begin XCBuildConfiguration section */
		BF0A61B11C337C5F00D439A8 /* Debug */ = {
			isa = XCBuildConfiguration;
			buildSettings = {
				ALWAYS_SEARCH_USER_PATHS = NO;
				CLANG_CXX_LANGUAGE_STANDARD = "gnu++0x";
				CLANG_CXX_LIBRARY = "libc++";
				CLANG_ENABLE_MODULES = YES;
				CLANG_ENABLE_OBJC_ARC = YES;
				CLANG_WARN_BOOL_CONVERSION = YES;
				CLANG_WARN_CONSTANT_CONVERSION = YES;
				CLANG_WARN_DIRECT_OBJC_ISA_USAGE = YES_ERROR;
				CLANG_WARN_EMPTY_BODY = YES;
				CLANG_WARN_ENUM_CONVERSION = YES;
				CLANG_WARN_INT_CONVERSION = YES;
				CLANG_WARN_OBJC_ROOT_CLASS = YES_ERROR;
				CLANG_WARN_UNREACHABLE_CODE = YES;
				CLANG_WARN__DUPLICATE_METHOD_MATCH = YES;
				"CODE_SIGN_IDENTITY[sdk=iphoneos*]" = "iPhone Developer";
				COPY_PHASE_STRIP = NO;
				DEBUG_INFORMATION_FORMAT = dwarf;
				ENABLE_STRICT_OBJC_MSGSEND = YES;
				ENABLE_TESTABILITY = YES;
				GCC_C_LANGUAGE_STANDARD = gnu99;
				GCC_DYNAMIC_NO_PIC = NO;
				GCC_NO_COMMON_BLOCKS = YES;
				GCC_OPTIMIZATION_LEVEL = 0;
				GCC_PREPROCESSOR_DEFINITIONS = (
					"DEBUG=1",
					"$(inherited)",
				);
				GCC_WARN_64_TO_32_BIT_CONVERSION = YES;
				GCC_WARN_ABOUT_RETURN_TYPE = YES_ERROR;
				GCC_WARN_UNDECLARED_SELECTOR = YES;
				GCC_WARN_UNINITIALIZED_AUTOS = YES_AGGRESSIVE;
				GCC_WARN_UNUSED_FUNCTION = YES;
				GCC_WARN_UNUSED_VARIABLE = YES;
				IPHONEOS_DEPLOYMENT_TARGET = 9.2;
				MTL_ENABLE_DEBUG_INFO = YES;
				ONLY_ACTIVE_ARCH = YES;
				SDKROOT = iphoneos;
				SWIFT_OPTIMIZATION_LEVEL = "-Onone";
				TARGETED_DEVICE_FAMILY = "1,2";
			};
			name = Debug;
		};
		BF0A61B21C337C5F00D439A8 /* Release */ = {
			isa = XCBuildConfiguration;
			buildSettings = {
				ALWAYS_SEARCH_USER_PATHS = NO;
				CLANG_CXX_LANGUAGE_STANDARD = "gnu++0x";
				CLANG_CXX_LIBRARY = "libc++";
				CLANG_ENABLE_MODULES = YES;
				CLANG_ENABLE_OBJC_ARC = YES;
				CLANG_WARN_BOOL_CONVERSION = YES;
				CLANG_WARN_CONSTANT_CONVERSION = YES;
				CLANG_WARN_DIRECT_OBJC_ISA_USAGE = YES_ERROR;
				CLANG_WARN_EMPTY_BODY = YES;
				CLANG_WARN_ENUM_CONVERSION = YES;
				CLANG_WARN_INT_CONVERSION = YES;
				CLANG_WARN_OBJC_ROOT_CLASS = YES_ERROR;
				CLANG_WARN_UNREACHABLE_CODE = YES;
				CLANG_WARN__DUPLICATE_METHOD_MATCH = YES;
				"CODE_SIGN_IDENTITY[sdk=iphoneos*]" = "iPhone Developer";
				COPY_PHASE_STRIP = NO;
				DEBUG_INFORMATION_FORMAT = "dwarf-with-dsym";
				ENABLE_NS_ASSERTIONS = NO;
				ENABLE_STRICT_OBJC_MSGSEND = YES;
				GCC_C_LANGUAGE_STANDARD = gnu99;
				GCC_NO_COMMON_BLOCKS = YES;
				GCC_WARN_64_TO_32_BIT_CONVERSION = YES;
				GCC_WARN_ABOUT_RETURN_TYPE = YES_ERROR;
				GCC_WARN_UNDECLARED_SELECTOR = YES;
				GCC_WARN_UNINITIALIZED_AUTOS = YES_AGGRESSIVE;
				GCC_WARN_UNUSED_FUNCTION = YES;
				GCC_WARN_UNUSED_VARIABLE = YES;
				IPHONEOS_DEPLOYMENT_TARGET = 9.2;
				MTL_ENABLE_DEBUG_INFO = NO;
				SDKROOT = iphoneos;
				TARGETED_DEVICE_FAMILY = "1,2";
				VALIDATE_PRODUCT = YES;
			};
			name = Release;
		};
		BF0A61B41C337C5F00D439A8 /* Debug */ = {
			isa = XCBuildConfiguration;
			buildSettings = {
				ASSETCATALOG_COMPILER_APPICON_NAME = AppIcon;
				INFOPLIST_FILE = Wechat/Info.plist;
				LD_RUNPATH_SEARCH_PATHS = "$(inherited) @executable_path/Frameworks";
				PRODUCT_BUNDLE_IDENTIFIER = com.YGodWayJ.wechat.Wechat;
				PRODUCT_NAME = "$(TARGET_NAME)";
			};
			name = Debug;
		};
		BF0A61B51C337C5F00D439A8 /* Release */ = {
			isa = XCBuildConfiguration;
			buildSettings = {
				ASSETCATALOG_COMPILER_APPICON_NAME = AppIcon;
				INFOPLIST_FILE = Wechat/Info.plist;
				LD_RUNPATH_SEARCH_PATHS = "$(inherited) @executable_path/Frameworks";
				PRODUCT_BUNDLE_IDENTIFIER = com.YGodWayJ.wechat.Wechat;
				PRODUCT_NAME = "$(TARGET_NAME)";
			};
			name = Release;
		};
/* End XCBuildConfiguration section */

/* Begin XCConfigurationList section */
		BF0A619C1C337C5F00D439A8 /* Build configuration list for PBXProject "Wechat" */ = {
			isa = XCConfigurationList;
			buildConfigurations = (
				BF0A61B11C337C5F00D439A8 /* Debug */,
				BF0A61B21C337C5F00D439A8 /* Release */,
			);
			defaultConfigurationIsVisible = 0;
			defaultConfigurationName = Release;
		};
		BF0A61B31C337C5F00D439A8 /* Build configuration list for PBXNativeTarget "Wechat" */ = {
			isa = XCConfigurationList;
			buildConfigurations = (
				BF0A61B41C337C5F00D439A8 /* Debug */,
				BF0A61B51C337C5F00D439A8 /* Release */,
			);
			defaultConfigurationIsVisible = 0;
			defaultConfigurationName = Release;
		};
/* End XCConfigurationList section */
	};
	rootObject = BF0A61991C337C5F00D439A8 /* Project object */;
}
